<Solution>
  <Folder Name="/src/">
    <Project Path="src/HusqaCockpit.App/HusqaCockpit.App.csproj" />
    <Project Path="src/HusqaCockpit.Core/HusqaCockpit.Core.csproj" />
  </Folder>
  <Folder Name="/tests/">
    <Project Path="tests/HusqaCockpit.Core.Tests/HusqaCockpit.Core.Tests.csproj" />
  </Folder>
</Solution>
